
Microsoft Visual Studio Solution File, Format Version 12.00
# Visual Studio Version 17
VisualStudioVersion = 17.9.34607.119
MinimumVisualStudioVersion = 10.0.40219.1
Project("{FAE04EC0-301F-11D3-BF4B-00C04F79EFBC}") = "ConsoleApp", "ConsoleApp\ConsoleApp.csproj", "{FDE34916-F2EF-45A0-B7B7-CB565485AFEA}"
EndProject
Global
	GlobalSection(SolutionConfigurationPlatforms) = preSolution
		Debug|Any CPU = Debug|Any CPU
		Release|Any CPU = Release|Any CPU
	EndGlobalSection
	GlobalSection(ProjectConfigurationPlatforms) = postSolution
		{FDE34916-F2EF-45A0-B7B7-CB565485AFEA}.Debug|Any CPU.ActiveCfg = Debug|Any CPU
		{FDE34916-F2EF-45A0-B7B7-CB565485AFEA}.Debug|Any CPU.Build.0 = Debug|Any CPU
		{FDE34916-F2EF-45A0-B7B7-CB565485AFEA}.Release|Any CPU.ActiveCfg = Release|Any CPU
		{FDE34916-F2EF-45A0-B7B7-CB565485AFEA}.Release|Any CPU.Build.0 = Release|Any CPU
	EndGlobalSection
	GlobalSection(SolutionProperties) = preSolution
		HideSolutionNode = FALSE
	EndGlobalSection
	GlobalSection(ExtensibilityGlobals) = postSolution
		SolutionGuid = {013242FE-6449-4F8B-9C45-3C2C1FC5A796}
	EndGlobalSection
EndGlobal
